
Microsoft Visual Studio Solution File, Format Version 12.00
# Visual Studio Version 17
VisualStudioVersion = 17.0.31903.59
MinimumVisualStudioVersion = 10.0.40219.1
Project("{FAE04EC0-301F-11D3-BF4B-00C04F79EFBC}") = "API", "API\API.csproj", "{49A3D7BA-3901-4A9C-860A-624051312247}"
EndProject
Project("{FAE04EC0-301F-11D3-BF4B-00C04F79EFBC}") = "Application", "Application\Application.csproj", "{197AD793-FCE8-44E8-B8BB-E99D8BB577AD}"
EndProject
Project("{FAE04EC0-301F-11D3-BF4B-00C04F79EFBC}") = "Domain", "Domain\Domain.csproj", "{EA994253-6878-4047-858E-2091AC442BD7}"
EndProject
Project("{FAE04EC0-301F-11D3-BF4B-00C04F79EFBC}") = "Infrastructure", "Infrastructure\Infrastructure.csproj", "{51573307-E06D-452F-996A-C71D3FFEBEE3}"
EndProject
Global
	GlobalSection(SolutionConfigurationPlatforms) = preSolution
		Debug|Any CPU = Debug|Any CPU
		Release|Any CPU = Release|Any CPU
	EndGlobalSection
	GlobalSection(SolutionProperties) = preSolution
		HideSolutionNode = FALSE
	EndGlobalSection
	GlobalSection(ProjectConfigurationPlatforms) = postSolution
		{49A3D7BA-3901-4A9C-860A-624051312247}.Debug|Any CPU.ActiveCfg = Debug|Any CPU
		{49A3D7BA-3901-4A9C-860A-624051312247}.Debug|Any CPU.Build.0 = Debug|Any CPU
		{49A3D7BA-3901-4A9C-860A-624051312247}.Release|Any CPU.ActiveCfg = Release|Any CPU
		{49A3D7BA-3901-4A9C-860A-624051312247}.Release|Any CPU.Build.0 = Release|Any CPU
		{197AD793-FCE8-44E8-B8BB-E99D8BB577AD}.Debug|Any CPU.ActiveCfg = Debug|Any CPU
		{197AD793-FCE8-44E8-B8BB-E99D8BB577AD}.Debug|Any CPU.Build.0 = Debug|Any CPU
		{197AD793-FCE8-44E8-B8BB-E99D8BB577AD}.Release|Any CPU.ActiveCfg = Release|Any CPU
		{197AD793-FCE8-44E8-B8BB-E99D8BB577AD}.Release|Any CPU.Build.0 = Release|Any CPU
		{EA994253-6878-4047-858E-2091AC442BD7}.Debug|Any CPU.ActiveCfg = Debug|Any CPU
		{EA994253-6878-4047-858E-2091AC442BD7}.Debug|Any CPU.Build.0 = Debug|Any CPU
		{EA994253-6878-4047-858E-2091AC442BD7}.Release|Any CPU.ActiveCfg = Release|Any CPU
		{EA994253-6878-4047-858E-2091AC442BD7}.Release|Any CPU.Build.0 = Release|Any CPU
		{51573307-E06D-452F-996A-C71D3FFEBEE3}.Debug|Any CPU.ActiveCfg = Debug|Any CPU
		{51573307-E06D-452F-996A-C71D3FFEBEE3}.Debug|Any CPU.Build.0 = Debug|Any CPU
		{51573307-E06D-452F-996A-C71D3FFEBEE3}.Release|Any CPU.ActiveCfg = Release|Any CPU
		{51573307-E06D-452F-996A-C71D3FFEBEE3}.Release|Any CPU.Build.0 = Release|Any CPU
	EndGlobalSection
EndGlobal
